
Microsoft Visual Studio Solution File, Format Version 12.00
# Visual Studio Version 17
VisualStudioVersion = 17.0.31903.59
MinimumVisualStudioVersion = 10.0.40219.1
Project("{2150E333-8FDC-42A3-9474-1A3956D46DE8}") = "src", "src", "{827E0CD3-B72D-47B6-A68D-7590B98EB39B}"
EndProject
Project("{FAE04EC0-301F-11D3-BF4B-00C04F79EFBC}") = "ClipStream.Core", "src\ClipStream.Core\ClipStream.Core.csproj", "{2A48DD64-75A5-49F5-AF8A-97ADDABA22E7}"
EndProject
Project("{FAE04EC0-301F-11D3-BF4B-00C04F79EFBC}") = "ClipStream.Plugins.Abstractions", "src\ClipStream.Plugins.Abstractions\ClipStream.Plugins.Abstractions.csproj", "{541BE7DF-668E-47B9-9D7C-7EDB65E024AF}"
EndProject
Project("{FAE04EC0-301F-11D3-BF4B-00C04F79EFBC}") = "ClipStream.Clipboard", "src\ClipStream.Clipboard\ClipStream.Clipboard.csproj", "{007B2DD9-990B-4387-B5F9-58270D5EE28E}"
EndProject
Project("{FAE04EC0-301F-11D3-BF4B-00C04F79EFBC}") = "ClipStream.Infrastructure", "src\ClipStream.Infrastructure\ClipStream.Infrastructure.csproj", "{6885D4DE-0A97-4284-B0A1-DA198E8E34BE}"
EndProject
Project("{FAE04EC0-301F-11D3-BF4B-00C04F79EFBC}") = "ClipStream.Export", "src\ClipStream.Export\ClipStream.Export.csproj", "{FB87D0F5-9344-4F9F-88EE-36EF57ECE7CD}"
EndProject
Project("{FAE04EC0-301F-11D3-BF4B-00C04F79EFBC}") = "ClipStream.Plugins.BuiltIn", "src\ClipStream.Plugins.BuiltIn\ClipStream.Plugins.BuiltIn.csproj", "{F6E722BD-9C98-4EA7-A0AF-77E5B63D468D}"
EndProject
Project("{FAE04EC0-301F-11D3-BF4B-00C04F79EFBC}") = "ClipStream.App", "src\ClipStream.App\ClipStream.App.csproj", "{A5EAB5DE-5115-484C-99CA-20F838365440}"
EndProject
Project("{FAE04EC0-301F-11D3-BF4B-00C04F79EFBC}") = "ClipStream.Core.Tests", "tests\ClipStream.Core.Tests\ClipStream.Core.Tests.csproj", "{B48E8014-A512-4662-BB9D-744446908668}"
EndProject
Project("{FAE04EC0-301F-11D3-BF4B-00C04F79EFBC}") = "ClipStream.Clipboard.Tests", "tests\ClipStream.Clipboard.Tests\ClipStream.Clipboard.Tests.csproj", "{68F886C7-3719-4251-9EFB-F3321A74369E}"
EndProject
Project("{FAE04EC0-301F-11D3-BF4B-00C04F79EFBC}") = "ClipStream.Infrastructure.Tests", "tests\ClipStream.Infrastructure.Tests\ClipStream.Infrastructure.Tests.csproj", "{04462D99-293C-4BFA-9E46-040313011E0D}"
EndProject
Project("{FAE04EC0-301F-11D3-BF4B-00C04F79EFBC}") = "ClipStream.Export.Tests", "tests\ClipStream.Export.Tests\ClipStream.Export.Tests.csproj", "{AEC1F7CF-0F2C-4EF0-8886-22D8A63C020E}"
EndProject
Global
	GlobalSection(SolutionConfigurationPlatforms) = preSolution
		Debug|Any CPU = Debug|Any CPU
		Debug|x64 = Debug|x64
		Debug|x86 = Debug|x86
		Release|Any CPU = Release|Any CPU
		Release|x64 = Release|x64
		Release|x86 = Release|x86
	EndGlobalSection
	GlobalSection(ProjectConfigurationPlatforms) = postSolution
		{2A48DD64-75A5-49F5-AF8A-97ADDABA22E7}.Debug|Any CPU.ActiveCfg = Debug|Any CPU
		{2A48DD64-75A5-49F5-AF8A-97ADDABA22E7}.Debug|Any CPU.Build.0 = Debug|Any CPU
		{2A48DD64-75A5-49F5-AF8A-97ADDABA22E7}.Debug|x64.ActiveCfg = Debug|Any CPU
		{2A48DD64-75A5-49F5-AF8A-97ADDABA22E7}.Debug|x64.Build.0 = Debug|Any CPU
		{2A48DD64-75A5-49F5-AF8A-97ADDABA22E7}.Debug|x86.ActiveCfg = Debug|Any CPU
		{2A48DD64-75A5-49F5-AF8A-97ADDABA22E7}.Debug|x86.Build.0 = Debug|Any CPU
		{2A48DD64-75A5-49F5-AF8A-97ADDABA22E7}.Release|Any CPU.ActiveCfg = Release|Any CPU
		{2A48DD64-75A5-49F5-AF8A-97ADDABA22E7}.Release|Any CPU.Build.0 = Release|Any CPU
		{2A48DD64-75A5-49F5-AF8A-97ADDABA22E7}.Release|x64.ActiveCfg = Release|Any CPU
		{2A48DD64-75A5-49F5-AF8A-97ADDABA22E7}.Release|x64.Build.0 = Release|Any CPU
		{2A48DD64-75A5-49F5-AF8A-97ADDABA22E7}.Release|x86.ActiveCfg = Release|Any CPU
		{2A48DD64-75A5-49F5-AF8A-97ADDABA22E7}.Release|x86.Build.0 = Release|Any CPU
		{541BE7DF-668E-47B9-9D7C-7EDB65E024AF}.Debug|Any CPU.ActiveCfg = Debug|Any CPU
		{541BE7DF-668E-47B9-9D7C-7EDB65E024AF}.Debug|Any CPU.Build.0 = Debug|Any CPU
		{541BE7DF-668E-47B9-9D7C-7EDB65E024AF}.Debug|x64.ActiveCfg = Debug|Any CPU
		{541BE7DF-668E-47B9-9D7C-7EDB65E024AF}.Debug|x64.Build.0 = Debug|Any CPU
		{541BE7DF-668E-47B9-9D7C-7EDB65E024AF}.Debug|x86.ActiveCfg = Debug|Any CPU
		{541BE7DF-668E-47B9-9D7C-7EDB65E024AF}.Debug|x86.Build.0 = Debug|Any CPU
		{541BE7DF-668E-47B9-9D7C-7EDB65E024AF}.Release|Any CPU.ActiveCfg = Release|Any CPU
		{541BE7DF-668E-47B9-9D7C-7EDB65E024AF}.Release|Any CPU.Build.0 = Release|Any CPU
		{541BE7DF-668E-47B9-9D7C-7EDB65E024AF}.Release|x64.ActiveCfg = Release|Any CPU
		{541BE7DF-668E-47B9-9D7C-7EDB65E024AF}.Release|x64.Build.0 = Release|Any CPU
		{541BE7DF-668E-47B9-9D7C-7EDB65E024AF}.Release|x86.ActiveCfg = Release|Any CPU
		{541BE7DF-668E-47B9-9D7C-7EDB65E024AF}.Release|x86.Build.0 = Release|Any CPU
		{007B2DD9-990B-4387-B5F9-58270D5EE28E}.Debug|Any CPU.ActiveCfg = Debug|Any CPU
		{007B2DD9-990B-4387-B5F9-58270D5EE28E}.Debug|Any CPU.Build.0 = Debug|Any CPU
		{007B2DD9-990B-4387-B5F9-58270D5EE28E}.Debug|x64.ActiveCfg = Debug|Any CPU
		{007B2DD9-990B-4387-B5F9-58270D5EE28E}.Debug|x64.Build.0 = Debug|Any CPU
		{007B2DD9-990B-4387-B5F9-58270D5EE28E}.Debug|x86.ActiveCfg = Debug|Any CPU
		{007B2DD9-990B-4387-B5F9-58270D5EE28E}.Debug|x86.Build.0 = Debug|Any CPU
		{007B2DD9-990B-4387-B5F9-58270D5EE28E}.Release|Any CPU.ActiveCfg = Release|Any CPU
		{007B2DD9-990B-4387-B5F9-58270D5EE28E}.Release|Any CPU.Build.0 = Release|Any CPU
		{007B2DD9-990B-4387-B5F9-58270D5EE28E}.Release|x64.ActiveCfg = Release|Any CPU
		{007B2DD9-990B-4387-B5F9-58270D5EE28E}.Release|x64.Build.0 = Release|Any CPU
		{007B2DD9-990B-4387-B5F9-58270D5EE28E}.Release|x86.ActiveCfg = Release|Any CPU
		{007B2DD9-990B-4387-B5F9-58270D5EE28E}.Release|x86.Build.0 = Release|Any CPU
		{6885D4DE-0A97-4284-B0A1-DA198E8E34BE}.Debug|Any CPU.ActiveCfg = Debug|Any CPU
		{6885D4DE-0A97-4284-B0A1-DA198E8E34BE}.Debug|Any CPU.Build.0 = Debug|Any CPU
		{6885D4DE-0A97-4284-B0A1-DA198E8E34BE}.Debug|x64.ActiveCfg = Debug|Any CPU
		{6885D4DE-0A97-4284-B0A1-DA198E8E34BE}.Debug|x64.Build.0 = Debug|Any CPU
		{6885D4DE-0A97-4284-B0A1-DA198E8E34BE}.Debug|x86.ActiveCfg = Debug|Any CPU
		{6885D4DE-0A97-4284-B0A1-DA198E8E34BE}.Debug|x86.Build.0 = Debug|Any CPU
		{6885D4DE-0A97-4284-B0A1-DA198E8E34BE}.Release|Any CPU.ActiveCfg = Release|Any CPU
		{6885D4DE-0A97-4284-B0A1-DA198E8E34BE}.Release|Any CPU.Build.0 = Release|Any CPU
		{6885D4DE-0A97-4284-B0A1-DA198E8E34BE}.Release|x64.ActiveCfg = Release|Any CPU
		{6885D4DE-0A97-4284-B0A1-DA198E8E34BE}.Release|x64.Build.0 = Release|Any CPU
		{6885D4DE-0A97-4284-B0A1-DA198E8E34BE}.Release|x86.ActiveCfg = Release|Any CPU
		{6885D4DE-0A97-4284-B0A1-DA198E8E34BE}.Release|x86.Build.0 = Release|Any CPU
		{FB87D0F5-9344-4F9F-88EE-36EF57ECE7CD}.Debug|Any CPU.ActiveCfg = Debug|Any CPU
		{FB87D0F5-9344-4F9F-88EE-36EF57ECE7CD}.Debug|Any CPU.Build.0 = Debug|Any CPU
		{FB87D0F5-9344-4F9F-88EE-36EF57ECE7CD}.Debug|x64.ActiveCfg = Debug|Any CPU
		{FB87D0F5-9344-4F9F-88EE-36EF57ECE7CD}.Debug|x64.Build.0 = Debug|Any CPU
		{FB87D0F5-9344-4F9F-88EE-36EF57ECE7CD}.Debug|x86.ActiveCfg = Debug|Any CPU
		{FB87D0F5-9344-4F9F-88EE-36EF57ECE7CD}.Debug|x86.Build.0 = Debug|Any CPU
		{FB87D0F5-9344-4F9F-88EE-36EF57ECE7CD}.Release|Any CPU.ActiveCfg = Release|Any CPU
		{FB87D0F5-9344-4F9F-88EE-36EF57ECE7CD}.Release|Any CPU.Build.0 = Release|Any CPU
		{FB87D0F5-9344-4F9F-88EE-36EF57ECE7CD}.Release|x64.ActiveCfg = Release|Any CPU
		{FB87D0F5-9344-4F9F-88EE-36EF57ECE7CD}.Release|x64.Build.0 = Release|Any CPU
		{FB87D0F5-9344-4F9F-88EE-36EF57ECE7CD}.Release|x86.ActiveCfg = Release|Any CPU
		{FB87D0F5-9344-4F9F-88EE-36EF57ECE7CD}.Release|x86.Build.0 = Release|Any CPU
		{F6E722BD-9C98-4EA7-A0AF-77E5B63D468D}.Debug|Any CPU.ActiveCfg = Debug|Any CPU
		{F6E722BD-9C98-4EA7-A0AF-77E5B63D468D}.Debug|Any CPU.Build.0 = Debug|Any CPU
		{F6E722BD-9C98-4EA7-A0AF-77E5B63D468D}.Debug|x64.ActiveCfg = Debug|Any CPU
		{F6E722BD-9C98-4EA7-A0AF-77E5B63D468D}.Debug|x64.Build.0 = Debug|Any CPU
		{F6E722BD-9C98-4EA7-A0AF-77E5B63D468D}.Debug|x86.ActiveCfg = Debug|Any CPU
		{F6E722BD-9C98-4EA7-A0AF-77E5B63D468D}.Debug|x86.Build.0 = Debug|Any CPU
		{F6E722BD-9C98-4EA7-A0AF-77E5B63D468D}.Release|Any CPU.ActiveCfg = Release|Any CPU
		{F6E722BD-9C98-4EA7-A0AF-77E5B63D468D}.Release|Any CPU.Build.0 = Release|Any CPU
		{F6E722BD-9C98-4EA7-A0AF-77E5B63D468D}.Release|x64.ActiveCfg = Release|Any CPU
		{F6E722BD-9C98-4EA7-A0AF-77E5B63D468D}.Release|x64.Build.0 = Release|Any CPU
		{F6E722BD-9C98-4EA7-A0AF-77E5B63D468D}.Release|x86.ActiveCfg = Release|Any CPU
		{F6E722BD-9C98-4EA7-A0AF-77E5B63D468D}.Release|x86.Build.0 = Release|Any CPU
		{A5EAB5DE-5115-484C-99CA-20F838365440}.Debug|Any CPU.ActiveCfg = Debug|Any CPU
		{A5EAB5DE-5115-484C-99CA-20F838365440}.Debug|Any CPU.Build.0 = Debug|Any CPU
		{A5EAB5DE-5115-484C-99CA-20F838365440}.Debug|x64.ActiveCfg = Debug|Any CPU
		{A5EAB5DE-5115-484C-99CA-20F838365440}.Debug|x64.Build.0 = Debug|Any CPU
		{A5EAB5DE-5115-484C-99CA-20F838365440}.Debug|x86.ActiveCfg = Debug|Any CPU
		{A5EAB5DE-5115-484C-99CA-20F838365440}.Debug|x86.Build.0 = Debug|Any CPU
		{A5EAB5DE-5115-484C-99CA-20F838365440}.Release|Any CPU.ActiveCfg = Release|Any CPU
		{A5EAB5DE-5115-484C-99CA-20F838365440}.Release|Any CPU.Build.0 = Release|Any CPU
		{A5EAB5DE-5115-484C-99CA-20F838365440}.Release|x64.ActiveCfg = Release|Any CPU
		{A5EAB5DE-5115-484C-99CA-20F838365440}.Release|x64.Build.0 = Release|Any CPU
		{A5EAB5DE-5115-484C-99CA-20F838365440}.Release|x86.ActiveCfg = Release|Any CPU
		{A5EAB5DE-5115-484C-99CA-20F838365440}.Release|x86.Build.0 = Release|Any CPU
		{B48E8014-A512-4662-BB9D-744446908668}.Debug|Any CPU.ActiveCfg = Debug|Any CPU
		{B48E8014-A512-4662-BB9D-744446908668}.Debug|Any CPU.Build.0 = Debug|Any CPU
		{B48E8014-A512-4662-BB9D-744446908668}.Debug|x64.ActiveCfg = Debug|Any CPU
		{B48E8014-A512-4662-BB9D-744446908668}.Debug|x64.Build.0 = Debug|Any CPU
		{B48E8014-A512-4662-BB9D-744446908668}.Debug|x86.ActiveCfg = Debug|Any CPU
		{B48E8014-A512-4662-BB9D-744446908668}.Debug|x86.Build.0 = Debug|Any CPU
		{B48E8014-A512-4662-BB9D-744446908668}.Release|Any CPU.ActiveCfg = Release|Any CPU
		{B48E8014-A512-4662-BB9D-744446908668}.Release|Any CPU.Build.0 = Release|Any CPU
		{B48E8014-A512-4662-BB9D-744446908668}.Release|x64.ActiveCfg = Release|Any CPU
		{B48E8014-A512-4662-BB9D-744446908668}.Release|x64.Build.0 = Release|Any CPU
		{B48E8014-A512-4662-BB9D-744446908668}.Release|x86.ActiveCfg = Release|Any CPU
		{B48E8014-A512-4662-BB9D-744446908668}.Release|x86.Build.0 = Release|Any CPU
		{68F886C7-3719-4251-9EFB-F3321A74369E}.Debug|Any CPU.ActiveCfg = Debug|Any CPU
		{68F886C7-3719-4251-9EFB-F3321A74369E}.Debug|Any CPU.Build.0 = Debug|Any CPU
		{68F886C7-3719-4251-9EFB-F3321A74369E}.Debug|x64.ActiveCfg = Debug|Any CPU
		{68F886C7-3719-4251-9EFB-F3321A74369E}.Debug|x64.Build.0 = Debug|Any CPU
		{68F886C7-3719-4251-9EFB-F3321A74369E}.Debug|x86.ActiveCfg = Debug|Any CPU
		{68F886C7-3719-4251-9EFB-F3321A74369E}.Debug|x86.Build.0 = Debug|Any CPU
		{68F886C7-3719-4251-9EFB-F3321A74369E}.Release|Any CPU.ActiveCfg = Release|Any CPU
		{68F886C7-3719-4251-9EFB-F3321A74369E}.Release|Any CPU.Build.0 = Release|Any CPU
		{68F886C7-3719-4251-9EFB-F3321A74369E}.Release|x64.ActiveCfg = Release|Any CPU
		{68F886C7-3719-4251-9EFB-F3321A74369E}.Release|x64.Build.0 = Release|Any CPU
		{68F886C7-3719-4251-9EFB-F3321A74369E}.Release|x86.ActiveCfg = Release|Any CPU
		{68F886C7-3719-4251-9EFB-F3321A74369E}.Release|x86.Build.0 = Release|Any CPU
		{04462D99-293C-4BFA-9E46-040313011E0D}.Debug|Any CPU.ActiveCfg = Debug|Any CPU
		{04462D99-293C-4BFA-9E46-040313011E0D}.Debug|Any CPU.Build.0 = Debug|Any CPU
		{04462D99-293C-4BFA-9E46-040313011E0D}.Debug|x64.ActiveCfg = Debug|Any CPU
		{04462D99-293C-4BFA-9E46-040313011E0D}.Debug|x64.Build.0 = Debug|Any CPU
		{04462D99-293C-4BFA-9E46-040313011E0D}.Debug|x86.ActiveCfg = Debug|Any CPU
		{04462D99-293C-4BFA-9E46-040313011E0D}.Debug|x86.Build.0 = Debug|Any CPU
		{04462D99-293C-4BFA-9E46-040313011E0D}.Release|Any CPU.ActiveCfg = Release|Any CPU
		{04462D99-293C-4BFA-9E46-040313011E0D}.Release|Any CPU.Build.0 = Release|Any CPU
		{04462D99-293C-4BFA-9E46-040313011E0D}.Release|x64.ActiveCfg = Release|Any CPU
		{04462D99-293C-4BFA-9E46-040313011E0D}.Release|x64.Build.0 = Release|Any CPU
		{04462D99-293C-4BFA-9E46-040313011E0D}.Release|x86.ActiveCfg = Release|Any CPU
		{04462D99-293C-4BFA-9E46-040313011E0D}.Release|x86.Build.0 = Release|Any CPU
		{AEC1F7CF-0F2C-4EF0-8886-22D8A63C020E}.Debug|Any CPU.ActiveCfg = Debug|Any CPU
		{AEC1F7CF-0F2C-4EF0-8886-22D8A63C020E}.Debug|Any CPU.Build.0 = Debug|Any CPU
		{AEC1F7CF-0F2C-4EF0-8886-22D8A63C020E}.Debug|x64.ActiveCfg = Debug|Any CPU
		{AEC1F7CF-0F2C-4EF0-8886-22D8A63C020E}.Debug|x64.Build.0 = Debug|Any CPU
		{AEC1F7CF-0F2C-4EF0-8886-22D8A63C020E}.Debug|x86.ActiveCfg = Debug|Any CPU
		{AEC1F7CF-0F2C-4EF0-8886-22D8A63C020E}.Debug|x86.Build.0 = Debug|Any CPU
		{AEC1F7CF-0F2C-4EF0-8886-22D8A63C020E}.Release|Any CPU.ActiveCfg = Release|Any CPU
		{AEC1F7CF-0F2C-4EF0-8886-22D8A63C020E}.Release|Any CPU.Build.0 = Release|Any CPU
		{AEC1F7CF-0F2C-4EF0-8886-22D8A63C020E}.Release|x64.ActiveCfg = Release|Any CPU
		{AEC1F7CF-0F2C-4EF0-8886-22D8A63C020E}.Release|x64.Build.0 = Release|Any CPU
		{AEC1F7CF-0F2C-4EF0-8886-22D8A63C020E}.Release|x86.ActiveCfg = Release|Any CPU
		{AEC1F7CF-0F2C-4EF0-8886-22D8A63C020E}.Release|x86.Build.0 = Release|Any CPU
	EndGlobalSection
	GlobalSection(SolutionProperties) = preSolution
		HideSolutionNode = FALSE
	EndGlobalSection
	GlobalSection(NestedProjects) = preSolution
		{2A48DD64-75A5-49F5-AF8A-97ADDABA22E7} = {827E0CD3-B72D-47B6-A68D-7590B98EB39B}
		{541BE7DF-668E-47B9-9D7C-7EDB65E024AF} = {827E0CD3-B72D-47B6-A68D-7590B98EB39B}
		{007B2DD9-990B-4387-B5F9-58270D5EE28E} = {827E0CD3-B72D-47B6-A68D-7590B98EB39B}
		{6885D4DE-0A97-4284-B0A1-DA198E8E34BE} = {827E0CD3-B72D-47B6-A68D-7590B98EB39B}
		{FB87D0F5-9344-4F9F-88EE-36EF57ECE7CD} = {827E0CD3-B72D-47B6-A68D-7590B98EB39B}
		{F6E722BD-9C98-4EA7-A0AF-77E5B63D468D} = {827E0CD3-B72D-47B6-A68D-7590B98EB39B}
		{A5EAB5DE-5115-484C-99CA-20F838365440} = {827E0CD3-B72D-47B6-A68D-7590B98EB39B}
		{B48E8014-A512-4662-BB9D-744446908668} = {827E0CD3-B72D-47B6-A68D-7590B98EB39B}
		{68F886C7-3719-4251-9EFB-F3321A74369E} = {827E0CD3-B72D-47B6-A68D-7590B98EB39B}
		{04462D99-293C-4BFA-9E46-040313011E0D} = {827E0CD3-B72D-47B6-A68D-7590B98EB39B}
		{AEC1F7CF-0F2C-4EF0-8886-22D8A63C020E} = {827E0CD3-B72D-47B6-A68D-7590B98EB39B}
	EndGlobalSection
EndGlobal
